{
  "name": "auto-minimize-tab-groups",
  "version": "0.0.1",
  "lockfileVersion": 3,
  "requires": true,
  "packages": {
    "": {
      "name": "auto-minimize-tab-groups",
      "version": "0.0.1",
      "license": "ISC",
      "devDependencies": {
        "@types/chrome": "^0.0.239",
        "@types/node": "^20.3.2"
      }
    },
    "node_modules/@types/chrome": {
      "version": "0.0.239",
      "resolved": "https://splitio.jfrog.io/artifactory/api/npm/npm-all-virtual/@types/chrome/-/chrome-0.0.239.tgz",
      "integrity": "sha512-s/v0pAdpjqfYdwYPDIRiIQDyXfaLi5u+OyHW2NexhqoTm/KZVqKqS1isK11DVu/iUrAUULtbfKtzLKt3+kHgXQ==",
      "dev": true,
      "dependencies": {
        "@types/filesystem": "*",
        "@types/har-format": "*"
      }
    },
    "node_modules/@types/filesystem": {
      "version": "0.0.32",
      "resolved": "https://splitio.jfrog.io/artifactory/api/npm/npm-all-virtual/@types/filesystem/-/filesystem-0.0.32.tgz",
      "integrity": "sha512-Yuf4jR5YYMR2DVgwuCiP11s0xuVRyPKmz8vo6HBY3CGdeMj8af93CFZX+T82+VD1+UqHOxTq31lO7MI7lepBtQ==",
      "dev": true,
      "dependencies": {
        "@types/filewriter": "*"
      }
    },
    "node_modules/@types/filewriter": {
      "version": "0.0.29",
      "resolved": "https://splitio.jfrog.io/artifactory/api/npm/npm-all-virtual/@types/filewriter/-/filewriter-0.0.29.tgz",
      "integrity": "sha512-BsPXH/irW0ht0Ji6iw/jJaK8Lj3FJemon2gvEqHKpCdDCeemHa+rI3WBGq5z7cDMZgoLjY40oninGxqk+8NzNQ==",
      "dev": true
    },
    "node_modules/@types/har-format": {
      "version": "1.2.11",
      "resolved": "https://splitio.jfrog.io/artifactory/api/npm/npm-all-virtual/@types/har-format/-/har-format-1.2.11.tgz",
      "integrity": "sha512-T232/TneofqK30AD1LRrrf8KnjLvzrjWDp7eWST5KoiSzrBfRsLrWDPk4STQPW4NZG6v2MltnduBVmakbZOBIQ==",
      "dev": true
    },
    "node_modules/@types/node": {
      "version": "20.3.2",
      "resolved": "https://splitio.jfrog.io/artifactory/api/npm/npm-all-virtual/@types/node/-/node-20.3.2.tgz",
      "integrity": "sha512-vOBLVQeCQfIcF/2Y7eKFTqrMnizK5lRNQ7ykML/5RuwVXVWxYkgwS7xbt4B6fKCUPgbSL5FSsjHQpaGQP/dQmw==",
      "dev": true
    }
  }
}
